
Microsoft Visual Studio Solution File, Format Version 12.00
# Visual Studio Version 17
VisualStudioVersion = 17.4.33213.308
MinimumVisualStudioVersion = 10.0.40219.1
Project("{2150E333-8FDC-42A3-9474-1A3956D46DE8}") = "src", "src", "{2C8AF875-F4FC-480C-BD21-2CB5E0EEC556}"
EndProject
Project("{2150E333-8FDC-42A3-9474-1A3956D46DE8}") = "tests", "tests", "{998E8678-D985-4EA8-9819-5F1D4D91747F}"
EndProject
Project("{2150E333-8FDC-42A3-9474-1A3956D46DE8}") = "build", "build", "{E2BDC3AB-63FE-4D70-937D-09E5B2853427}"
EndProject
Project("{E53339B2-1760-4266-BCC7-CA923CBCF16C}") = "docker-compose", "build\docker-compose\docker-compose.dcproj", "{0E794AA8-DA6B-4121-A3B5-59F69551B9ED}"
EndProject
Project("{2150E333-8FDC-42A3-9474-1A3956D46DE8}") = "docker", "docker", "{257C80AD-2F2A-4506-B85C-41461BAAB460}"
	ProjectSection(SolutionItems) = preProject
		build\docker\Dockerfile.tests = build\docker\Dockerfile.tests
		build\docker\Dockerfile.web = build\docker\Dockerfile.web
	EndProjectSection
EndProject
Project("{FAE04EC0-301F-11D3-BF4B-00C04F79EFBC}") = "DockerTesting.Web.API", "src\DockerTesting.Web.API\DockerTesting.Web.API.csproj", "{19A269FC-41DF-40EC-82C6-166E928A5603}"
EndProject
Project("{FAE04EC0-301F-11D3-BF4B-00C04F79EFBC}") = "DockerTesting.Web.API.UnitTests", "tests\DockerTesting.Web.API.UnitTests\DockerTesting.Web.API.UnitTests.csproj", "{3C72B534-4293-48F6-94D5-8D62ED3E1D73}"
EndProject
Project("{FAE04EC0-301F-11D3-BF4B-00C04F79EFBC}") = "DockerTesting.Web.API.ComponentTests", "tests\DockerTesting.Web.API.ComponentTests\DockerTesting.Web.API.ComponentTests.csproj", "{4ED4AA82-6761-4693-BF7B-1F45BEC3ED22}"
EndProject
Global
	GlobalSection(SolutionConfigurationPlatforms) = preSolution
		Debug|Any CPU = Debug|Any CPU
		Release|Any CPU = Release|Any CPU
	EndGlobalSection
	GlobalSection(ProjectConfigurationPlatforms) = postSolution
		{0E794AA8-DA6B-4121-A3B5-59F69551B9ED}.Debug|Any CPU.ActiveCfg = Debug|Any CPU
		{0E794AA8-DA6B-4121-A3B5-59F69551B9ED}.Debug|Any CPU.Build.0 = Debug|Any CPU
		{0E794AA8-DA6B-4121-A3B5-59F69551B9ED}.Release|Any CPU.ActiveCfg = Release|Any CPU
		{0E794AA8-DA6B-4121-A3B5-59F69551B9ED}.Release|Any CPU.Build.0 = Release|Any CPU
		{19A269FC-41DF-40EC-82C6-166E928A5603}.Debug|Any CPU.ActiveCfg = Debug|Any CPU
		{19A269FC-41DF-40EC-82C6-166E928A5603}.Debug|Any CPU.Build.0 = Debug|Any CPU
		{19A269FC-41DF-40EC-82C6-166E928A5603}.Release|Any CPU.ActiveCfg = Release|Any CPU
		{19A269FC-41DF-40EC-82C6-166E928A5603}.Release|Any CPU.Build.0 = Release|Any CPU
		{3C72B534-4293-48F6-94D5-8D62ED3E1D73}.Debug|Any CPU.ActiveCfg = Debug|Any CPU
		{3C72B534-4293-48F6-94D5-8D62ED3E1D73}.Debug|Any CPU.Build.0 = Debug|Any CPU
		{3C72B534-4293-48F6-94D5-8D62ED3E1D73}.Release|Any CPU.ActiveCfg = Release|Any CPU
		{3C72B534-4293-48F6-94D5-8D62ED3E1D73}.Release|Any CPU.Build.0 = Release|Any CPU
		{4ED4AA82-6761-4693-BF7B-1F45BEC3ED22}.Debug|Any CPU.ActiveCfg = Debug|Any CPU
		{4ED4AA82-6761-4693-BF7B-1F45BEC3ED22}.Debug|Any CPU.Build.0 = Debug|Any CPU
		{4ED4AA82-6761-4693-BF7B-1F45BEC3ED22}.Release|Any CPU.ActiveCfg = Release|Any CPU
		{4ED4AA82-6761-4693-BF7B-1F45BEC3ED22}.Release|Any CPU.Build.0 = Release|Any CPU
	EndGlobalSection
	GlobalSection(SolutionProperties) = preSolution
		HideSolutionNode = FALSE
	EndGlobalSection
	GlobalSection(NestedProjects) = preSolution
		{0E794AA8-DA6B-4121-A3B5-59F69551B9ED} = {E2BDC3AB-63FE-4D70-937D-09E5B2853427}
		{257C80AD-2F2A-4506-B85C-41461BAAB460} = {E2BDC3AB-63FE-4D70-937D-09E5B2853427}
		{19A269FC-41DF-40EC-82C6-166E928A5603} = {2C8AF875-F4FC-480C-BD21-2CB5E0EEC556}
		{3C72B534-4293-48F6-94D5-8D62ED3E1D73} = {998E8678-D985-4EA8-9819-5F1D4D91747F}
		{4ED4AA82-6761-4693-BF7B-1F45BEC3ED22} = {998E8678-D985-4EA8-9819-5F1D4D91747F}
	EndGlobalSection
	GlobalSection(ExtensibilityGlobals) = postSolution
		SolutionGuid = {FD3310A6-F97E-45AF-B994-05F154DD488A}
	EndGlobalSection
EndGlobal
